
Microsoft Visual Studio Solution File, Format Version 12.00
# Visual Studio 15
VisualStudioVersion = 15.0.27130.2027
MinimumVisualStudioVersion = 10.0.40219.1
Project("{FAE04EC0-301F-11D3-BF4B-00C04F79EFBC}") = "GitPOC", "GitPOC\GitPOC.csproj", "{F6FCDE66-609D-4421-924E-6A69459AF1C9}"
EndProject
Global
	GlobalSection(SolutionConfigurationPlatforms) = preSolution
		Debug|Any CPU = Debug|Any CPU
		Release|Any CPU = Release|Any CPU
	EndGlobalSection
	GlobalSection(ProjectConfigurationPlatforms) = postSolution
		{F6FCDE66-609D-4421-924E-6A69459AF1C9}.Debug|Any CPU.ActiveCfg = Debug|Any CPU
		{F6FCDE66-609D-4421-924E-6A69459AF1C9}.Debug|Any CPU.Build.0 = Debug|Any CPU
		{F6FCDE66-609D-4421-924E-6A69459AF1C9}.Release|Any CPU.ActiveCfg = Release|Any CPU
		{F6FCDE66-609D-4421-924E-6A69459AF1C9}.Release|Any CPU.Build.0 = Release|Any CPU
	EndGlobalSection
	GlobalSection(SolutionProperties) = preSolution
		HideSolutionNode = FALSE
	EndGlobalSection
	GlobalSection(ExtensibilityGlobals) = postSolution
		SolutionGuid = {92465E7B-1DD4-4529-927B-D39410BD8D53}
	EndGlobalSection
EndGlobal
